
Microsoft Visual Studio Solution File, Format Version 12.00
# Visual Studio 15
VisualStudioVersion = 15.0.27004.2002
MinimumVisualStudioVersion = 10.0.40219.1
Project("{FAE04EC0-301F-11D3-BF4B-00C04F79EFBC}") = "BasicHopfield", "BasicHopfield\BasicHopfield.csproj", "{08E6D745-8A31-4CEB-999A-CA8998CF4CB8}"
EndProject
Project("{FAE04EC0-301F-11D3-BF4B-00C04F79EFBC}") = "UnitTests", "UnitTests\UnitTests.csproj", "{96CAD28D-9684-48FC-B581-3EFE821F5E3D}"
EndProject
Project("{FAE04EC0-301F-11D3-BF4B-00C04F79EFBC}") = "HopfieldTsp", "HopfieldTsp\HopfieldTsp.csproj", "{F429FE36-0552-4CB0-93B5-69EB6EFEEC0B}"
EndProject
Global
	GlobalSection(SolutionConfigurationPlatforms) = preSolution
		Debug|Any CPU = Debug|Any CPU
		Release|Any CPU = Release|Any CPU
	EndGlobalSection
	GlobalSection(ProjectConfigurationPlatforms) = postSolution
		{08E6D745-8A31-4CEB-999A-CA8998CF4CB8}.Debug|Any CPU.ActiveCfg = Debug|Any CPU
		{08E6D745-8A31-4CEB-999A-CA8998CF4CB8}.Debug|Any CPU.Build.0 = Debug|Any CPU
		{08E6D745-8A31-4CEB-999A-CA8998CF4CB8}.Release|Any CPU.ActiveCfg = Release|Any CPU
		{08E6D745-8A31-4CEB-999A-CA8998CF4CB8}.Release|Any CPU.Build.0 = Release|Any CPU
		{96CAD28D-9684-48FC-B581-3EFE821F5E3D}.Debug|Any CPU.ActiveCfg = Debug|Any CPU
		{96CAD28D-9684-48FC-B581-3EFE821F5E3D}.Debug|Any CPU.Build.0 = Debug|Any CPU
		{96CAD28D-9684-48FC-B581-3EFE821F5E3D}.Release|Any CPU.ActiveCfg = Release|Any CPU
		{96CAD28D-9684-48FC-B581-3EFE821F5E3D}.Release|Any CPU.Build.0 = Release|Any CPU
		{F429FE36-0552-4CB0-93B5-69EB6EFEEC0B}.Debug|Any CPU.ActiveCfg = Debug|Any CPU
		{F429FE36-0552-4CB0-93B5-69EB6EFEEC0B}.Debug|Any CPU.Build.0 = Debug|Any CPU
		{F429FE36-0552-4CB0-93B5-69EB6EFEEC0B}.Release|Any CPU.ActiveCfg = Release|Any CPU
		{F429FE36-0552-4CB0-93B5-69EB6EFEEC0B}.Release|Any CPU.Build.0 = Release|Any CPU
	EndGlobalSection
	GlobalSection(SolutionProperties) = preSolution
		HideSolutionNode = FALSE
	EndGlobalSection
	GlobalSection(ExtensibilityGlobals) = postSolution
		SolutionGuid = {176294B4-A1CF-4D6F-A202-6C8F92B2658C}
	EndGlobalSection
EndGlobal
